// !$*UTF8*$!
{
	archiveVersion = 1;
	classes = {
	};
	objectVersion = 46;
	objects = {

/* Begin PBXBuildFile section */
		0091D8F90E81B9330029341E /* OpenGL.framework in Frameworks */ = {isa = PBXBuildFile; fileRef = 0091D8F80E81B9330029341E /* OpenGL.framework */; };
		00B784B30FF439BC000DE1D7 /* Accelerate.framework in Frameworks */ = {isa = PBXBuildFile; fileRef = 00B784AF0FF439BC000DE1D7 /* Accelerate.framework */; };
		00B784B40FF439BC000DE1D7 /* AudioToolbox.framework in Frameworks */ = {isa = PBXBuildFile; fileRef = 00B784B00FF439BC000DE1D7 /* AudioToolbox.framework */; };
		00B784B50FF439BC000DE1D7 /* AudioUnit.framework in Frameworks */ = {isa = PBXBuildFile; fileRef = 00B784B10FF439BC000DE1D7 /* AudioUnit.framework */; };
		00B784B60FF439BC000DE1D7 /* CoreAudio.framework in Frameworks */ = {isa = PBXBuildFile; fileRef = 00B784B20FF439BC000DE1D7 /* CoreAudio.framework */; };
		324A5DB6182839080052472E /* PolynomialAssertion.cpp in Sources */ = {isa = PBXBuildFile; fileRef = 324A5DAC182839080052472E /* PolynomialAssertion.cpp */; };
		324A5DB7182839080052472E /* PolynomialData.cpp in Sources */ = {isa = PBXBuildFile; fileRef = 324A5DAD182839080052472E /* PolynomialData.cpp */; };
		324A5DB8182839080052472E /* PolynomialPopulation.cpp in Sources */ = {isa = PBXBuildFile; fileRef = 324A5DAE182839080052472E /* PolynomialPopulation.cpp */; };
		324A5DB9182839080052472E /* GuiBase.cpp in Sources */ = {isa = PBXBuildFile; fileRef = 324A5DB0182839080052472E /* GuiBase.cpp */; };
		324A5DBA182839080052472E /* GuiPlot.cpp in Sources */ = {isa = PBXBuildFile; fileRef = 324A5DB1182839080052472E /* GuiPlot.cpp */; };
		324A5DBB182839080052472E /* GuiPlotData.cpp in Sources */ = {isa = PBXBuildFile; fileRef = 324A5DB2182839080052472E /* GuiPlotData.cpp */; };
		324A5DBC182839080052472E /* GuiRect.cpp in Sources */ = {isa = PBXBuildFile; fileRef = 324A5DB3182839080052472E /* GuiRect.cpp */; };
		324A5DBD182839080052472E /* GuiText.cpp in Sources */ = {isa = PBXBuildFile; fileRef = 324A5DB4182839080052472E /* GuiText.cpp */; };
		324A5DBE182839080052472E /* GuiTypography.cpp in Sources */ = {isa = PBXBuildFile; fileRef = 324A5DB5182839080052472E /* GuiTypography.cpp */; };
		5323E6B20EAFCA74003A9687 /* CoreVideo.framework in Frameworks */ = {isa = PBXBuildFile; fileRef = 5323E6B10EAFCA74003A9687 /* CoreVideo.framework */; };
		5323E6B60EAFCA7E003A9687 /* QTKit.framework in Frameworks */ = {isa = PBXBuildFile; fileRef = 5323E6B50EAFCA7E003A9687 /* QTKit.framework */; };
		8D11072F0486CEB800E47090 /* Cocoa.framework in Frameworks */ = {isa = PBXBuildFile; fileRef = 1058C7A1FEA54F0111CA2CBB /* Cocoa.framework */; };
		986282105D2E43B29DB9C21C /* PolynomialEvolutionApp.cpp in Sources */ = {isa = PBXBuildFile; fileRef = 381AF119EDF348EABAB0D1F9 /* PolynomialEvolutionApp.cpp */; };
		B05FA7332B83422A88DD4D3A /* CinderApp.icns in Resources */ = {isa = PBXBuildFile; fileRef = 600E3F688891450E81D4CC59 /* CinderApp.icns */; };
/* End PBXBuildFile section */

/* Begin PBXFileReference section */
		0091D8F80E81B9330029341E /* OpenGL.framework */ = {isa = PBXFileReference; lastKnownFileType = wrapper.framework; name = OpenGL.framework; path = /System/Library/Frameworks/OpenGL.framework; sourceTree = "<absolute>"; };
		00B784AF0FF439BC000DE1D7 /* Accelerate.framework */ = {isa = PBXFileReference; lastKnownFileType = wrapper.framework; name = Accelerate.framework; path = System/Library/Frameworks/Accelerate.framework; sourceTree = SDKROOT; };
		00B784B00FF439BC000DE1D7 /* AudioToolbox.framework */ = {isa = PBXFileReference; lastKnownFileType = wrapper.framework; name = AudioToolbox.framework; path = System/Library/Frameworks/AudioToolbox.framework; sourceTree = SDKROOT; };
		00B784B10FF439BC000DE1D7 /* AudioUnit.framework */ = {isa = PBXFileReference; lastKnownFileType = wrapper.framework; name = AudioUnit.framework; path = System/Library/Frameworks/AudioUnit.framework; sourceTree = SDKROOT; };
		00B784B20FF439BC000DE1D7 /* CoreAudio.framework */ = {isa = PBXFileReference; lastKnownFileType = wrapper.framework; name = CoreAudio.framework; path = System/Library/Frameworks/CoreAudio.framework; sourceTree = SDKROOT; };
		0C865363A8C243478A693F17 /* PolynomialEvolution_Prefix.pch */ = {isa = PBXFileReference; lastKnownFileType = "\"\""; path = PolynomialEvolution_Prefix.pch; sourceTree = "<group>"; };
		1058C7A1FEA54F0111CA2CBB /* Cocoa.framework */ = {isa = PBXFileReference; lastKnownFileType = wrapper.framework; name = Cocoa.framework; path = /System/Library/Frameworks/Cocoa.framework; sourceTree = "<absolute>"; };
		29B97324FDCFA39411CA2CEA /* AppKit.framework */ = {isa = PBXFileReference; lastKnownFileType = wrapper.framework; name = AppKit.framework; path = /System/Library/Frameworks/AppKit.framework; sourceTree = "<absolute>"; };
		29B97325FDCFA39411CA2CEA /* Foundation.framework */ = {isa = PBXFileReference; lastKnownFileType = wrapper.framework; name = Foundation.framework; path = /System/Library/Frameworks/Foundation.framework; sourceTree = "<absolute>"; };
		324A5DA0182839080052472E /* PolynomialAssertion.h */ = {isa = PBXFileReference; fileEncoding = 4; lastKnownFileType = sourcecode.c.h; path = PolynomialAssertion.h; sourceTree = "<group>"; };
		324A5DA1182839080052472E /* PolynomialData.h */ = {isa = PBXFileReference; fileEncoding = 4; lastKnownFileType = sourcecode.c.h; path = PolynomialData.h; sourceTree = "<group>"; };
		324A5DA2182839080052472E /* PolynomialPopulation.h */ = {isa = PBXFileReference; fileEncoding = 4; lastKnownFileType = sourcecode.c.h; path = PolynomialPopulation.h; sourceTree = "<group>"; };
		324A5DA4182839080052472E /* GuiBase.h */ = {isa = PBXFileReference; fileEncoding = 4; lastKnownFileType = sourcecode.c.h; path = GuiBase.h; sourceTree = "<group>"; };
		324A5DA5182839080052472E /* GuiPlot.h */ = {isa = PBXFileReference; fileEncoding = 4; lastKnownFileType = sourcecode.c.h; path = GuiPlot.h; sourceTree = "<group>"; };
		324A5DA6182839080052472E /* GuiPlotData.h */ = {isa = PBXFileReference; fileEncoding = 4; lastKnownFileType = sourcecode.c.h; path = GuiPlotData.h; sourceTree = "<group>"; };
		324A5DA7182839080052472E /* GuiRect.h */ = {isa = PBXFileReference; fileEncoding = 4; lastKnownFileType = sourcecode.c.h; path = GuiRect.h; sourceTree = "<group>"; };
		324A5DA8182839080052472E /* GuiText.h */ = {isa = PBXFileReference; fileEncoding = 4; lastKnownFileType = sourcecode.c.h; path = GuiText.h; sourceTree = "<group>"; };
		324A5DA9182839080052472E /* GuiTypography.h */ = {isa = PBXFileReference; fileEncoding = 4; lastKnownFileType = sourcecode.c.h; path = GuiTypography.h; sourceTree = "<group>"; };
		324A5DAC182839080052472E /* PolynomialAssertion.cpp */ = {isa = PBXFileReference; fileEncoding = 4; lastKnownFileType = sourcecode.cpp.cpp; path = PolynomialAssertion.cpp; sourceTree = "<group>"; };
		324A5DAD182839080052472E /* PolynomialData.cpp */ = {isa = PBXFileReference; fileEncoding = 4; lastKnownFileType = sourcecode.cpp.cpp; path = PolynomialData.cpp; sourceTree = "<group>"; };
		324A5DAE182839080052472E /* PolynomialPopulation.cpp */ = {isa = PBXFileReference; fileEncoding = 4; lastKnownFileType = sourcecode.cpp.cpp; path = PolynomialPopulation.cpp; sourceTree = "<group>"; };
		324A5DB0182839080052472E /* GuiBase.cpp */ = {isa = PBXFileReference; fileEncoding = 4; lastKnownFileType = sourcecode.cpp.cpp; path = GuiBase.cpp; sourceTree = "<group>"; };
		324A5DB1182839080052472E /* GuiPlot.cpp */ = {isa = PBXFileReference; fileEncoding = 4; lastKnownFileType = sourcecode.cpp.cpp; path = GuiPlot.cpp; sourceTree = "<group>"; };
		324A5DB2182839080052472E /* GuiPlotData.cpp */ = {isa = PBXFileReference; fileEncoding = 4; lastKnownFileType = sourcecode.cpp.cpp; path = GuiPlotData.cpp; sourceTree = "<group>"; };
		324A5DB3182839080052472E /* GuiRect.cpp */ = {isa = PBXFileReference; fileEncoding = 4; lastKnownFileType = sourcecode.cpp.cpp; path = GuiRect.cpp; sourceTree = "<group>"; };
		324A5DB4182839080052472E /* GuiText.cpp */ = {isa = PBXFileReference; fileEncoding = 4; lastKnownFileType = sourcecode.cpp.cpp; path = GuiText.cpp; sourceTree = "<group>"; };
		324A5DB5182839080052472E /* GuiTypography.cpp */ = {isa = PBXFileReference; fileEncoding = 4; lastKnownFileType = sourcecode.cpp.cpp; path = GuiTypography.cpp; sourceTree = "<group>"; };
		381AF119EDF348EABAB0D1F9 /* PolynomialEvolutionApp.cpp */ = {isa = PBXFileReference; lastKnownFileType = sourcecode.c.cpp; name = PolynomialEvolutionApp.cpp; path = ../src/PolynomialEvolutionApp.cpp; sourceTree = "<group>"; };
		5323E6B10EAFCA74003A9687 /* CoreVideo.framework */ = {isa = PBXFileReference; lastKnownFileType = wrapper.framework; name = CoreVideo.framework; path = /System/Library/Frameworks/CoreVideo.framework; sourceTree = "<absolute>"; };
		5323E6B50EAFCA7E003A9687 /* QTKit.framework */ = {isa = PBXFileReference; lastKnownFileType = wrapper.framework; name = QTKit.framework; path = /System/Library/Frameworks/QTKit.framework; sourceTree = "<absolute>"; };
		5FEE9CC046CF4D3A9CB40054 /* Resources.h */ = {isa = PBXFileReference; lastKnownFileType = sourcecode.c.h; name = Resources.h; path = ../include/Resources.h; sourceTree = "<group>"; };
		600E3F688891450E81D4CC59 /* CinderApp.icns */ = {isa = PBXFileReference; lastKnownFileType = image.icns; name = CinderApp.icns; path = ../resources/CinderApp.icns; sourceTree = "<group>"; };
		8D1107320486CEB800E47090 /* PolynomialEvolution.app */ = {isa = PBXFileReference; explicitFileType = wrapper.application; includeInIndex = 0; path = PolynomialEvolution.app; sourceTree = BUILT_PRODUCTS_DIR; };
		964EF67E11C34E90BC9F718D /* Info.plist */ = {isa = PBXFileReference; lastKnownFileType = text.plist.xml; path = Info.plist; sourceTree = "<group>"; };
/* End PBXFileReference section */

/* Begin PBXFrameworksBuildPhase section */
		8D11072E0486CEB800E47090 /* Frameworks */ = {
			isa = PBXFrameworksBuildPhase;
			buildActionMask = 2147483647;
			files = (
				8D11072F0486CEB800E47090 /* Cocoa.framework in Frameworks */,
				0091D8F90E81B9330029341E /* OpenGL.framework in Frameworks */,
				5323E6B20EAFCA74003A9687 /* CoreVideo.framework in Frameworks */,
				5323E6B60EAFCA7E003A9687 /* QTKit.framework in Frameworks */,
				00B784B30FF439BC000DE1D7 /* Accelerate.framework in Frameworks */,
				00B784B40FF439BC000DE1D7 /* AudioToolbox.framework in Frameworks */,
				00B784B50FF439BC000DE1D7 /* AudioUnit.framework in Frameworks */,
				00B784B60FF439BC000DE1D7 /* CoreAudio.framework in Frameworks */,
			);
			runOnlyForDeploymentPostprocessing = 0;
		};
/* End PBXFrameworksBuildPhase section */

/* Begin PBXGroup section */
		01B97315FEAEA392516A2CEA /* Blocks */ = {
			isa = PBXGroup;
			children = (
				324A5D9D182839080052472E /* core */,
			);
			name = Blocks;
			sourceTree = "<group>";
		};
		080E96DDFE201D6D7F000001 /* Source */ = {
			isa = PBXGroup;
			children = (
				381AF119EDF348EABAB0D1F9 /* PolynomialEvolutionApp.cpp */,
			);
			name = Source;
			sourceTree = "<group>";
		};
		1058C7A0FEA54F0111CA2CBB /* Linked Frameworks */ = {
			isa = PBXGroup;
			children = (
				00B784AF0FF439BC000DE1D7 /* Accelerate.framework */,
				00B784B00FF439BC000DE1D7 /* AudioToolbox.framework */,
				00B784B10FF439BC000DE1D7 /* AudioUnit.framework */,
				00B784B20FF439BC000DE1D7 /* CoreAudio.framework */,
				5323E6B50EAFCA7E003A9687 /* QTKit.framework */,
				5323E6B10EAFCA74003A9687 /* CoreVideo.framework */,
				0091D8F80E81B9330029341E /* OpenGL.framework */,
				1058C7A1FEA54F0111CA2CBB /* Cocoa.framework */,
			);
			name = "Linked Frameworks";
			sourceTree = "<group>";
		};
		1058C7A2FEA54F0111CA2CBB /* Other Frameworks */ = {
			isa = PBXGroup;
			children = (
				29B97324FDCFA39411CA2CEA /* AppKit.framework */,
				29B97325FDCFA39411CA2CEA /* Foundation.framework */,
			);
			name = "Other Frameworks";
			sourceTree = "<group>";
		};
		19C28FACFE9D520D11CA2CBB /* Products */ = {
			isa = PBXGroup;
			children = (
				8D1107320486CEB800E47090 /* PolynomialEvolution.app */,
			);
			name = Products;
			sourceTree = "<group>";
		};
		29B97314FDCFA39411CA2CEA /* PolynomialEvolution */ = {
			isa = PBXGroup;
			children = (
				01B97315FEAEA392516A2CEA /* Blocks */,
				29B97315FDCFA39411CA2CEA /* Headers */,
				080E96DDFE201D6D7F000001 /* Source */,
				29B97317FDCFA39411CA2CEA /* Resources */,
				29B97323FDCFA39411CA2CEA /* Frameworks */,
				19C28FACFE9D520D11CA2CBB /* Products */,
			);
			name = PolynomialEvolution;
			sourceTree = "<group>";
		};
		29B97315FDCFA39411CA2CEA /* Headers */ = {
			isa = PBXGroup;
			children = (
				5FEE9CC046CF4D3A9CB40054 /* Resources.h */,
				0C865363A8C243478A693F17 /* PolynomialEvolution_Prefix.pch */,
			);
			name = Headers;
			sourceTree = "<group>";
		};
		29B97317FDCFA39411CA2CEA /* Resources */ = {
			isa = PBXGroup;
			children = (
				600E3F688891450E81D4CC59 /* CinderApp.icns */,
				964EF67E11C34E90BC9F718D /* Info.plist */,
			);
			name = Resources;
			sourceTree = "<group>";
		};
		29B97323FDCFA39411CA2CEA /* Frameworks */ = {
			isa = PBXGroup;
			children = (
				1058C7A0FEA54F0111CA2CBB /* Linked Frameworks */,
				1058C7A2FEA54F0111CA2CBB /* Other Frameworks */,
			);
			name = Frameworks;
			sourceTree = "<group>";
		};
		324A5D9D182839080052472E /* core */ = {
			isa = PBXGroup;
			children = (
				324A5D9E182839080052472E /* include */,
				324A5DAA182839080052472E /* src */,
			);
			name = core;
			path = ../../../../core;
			sourceTree = "<group>";
		};
		324A5D9E182839080052472E /* include */ = {
			isa = PBXGroup;
			children = (
				324A5D9F182839080052472E /* genetic */,
				324A5DA3182839080052472E /* gui */,
			);
			path = include;
			sourceTree = "<group>";
		};
		324A5D9F182839080052472E /* genetic */ = {
			isa = PBXGroup;
			children = (
				324A5DA2182839080052472E /* PolynomialPopulation.h */,
				324A5DA0182839080052472E /* PolynomialAssertion.h */,
				324A5DA1182839080052472E /* PolynomialData.h */,
			);
			path = genetic;
			sourceTree = "<group>";
		};
		324A5DA3182839080052472E /* gui */ = {
			isa = PBXGroup;
			children = (
				324A5DA9182839080052472E /* GuiTypography.h */,
				324A5DA4182839080052472E /* GuiBase.h */,
				324A5DA7182839080052472E /* GuiRect.h */,
				324A5DA8182839080052472E /* GuiText.h */,
				324A5DA5182839080052472E /* GuiPlot.h */,
				324A5DA6182839080052472E /* GuiPlotData.h */,
			);
			path = gui;
			sourceTree = "<group>";
		};
		324A5DAA182839080052472E /* src */ = {
			isa = PBXGroup;
			children = (
				324A5DAB182839080052472E /* genetic */,
				324A5DAF182839080052472E /* gui */,
			);
			path = src;
			sourceTree = "<group>";
		};
		324A5DAB182839080052472E /* genetic */ = {
			isa = PBXGroup;
			children = (
				324A5DAE182839080052472E /* PolynomialPopulation.cpp */,
				324A5DAC182839080052472E /* PolynomialAssertion.cpp */,
				324A5DAD182839080052472E /* PolynomialData.cpp */,
			);
			path = genetic;
			sourceTree = "<group>";
		};
		324A5DAF182839080052472E /* gui */ = {
			isa = PBXGroup;
			children = (
				324A5DB5182839080052472E /* GuiTypography.cpp */,
				324A5DB0182839080052472E /* GuiBase.cpp */,
				324A5DB3182839080052472E /* GuiRect.cpp */,
				324A5DB4182839080052472E /* GuiText.cpp */,
				324A5DB1182839080052472E /* GuiPlot.cpp */,
				324A5DB2182839080052472E /* GuiPlotData.cpp */,
			);
			path = gui;
			sourceTree = "<group>";
		};
/* End PBXGroup section */

/* Begin PBXNativeTarget section */
		8D1107260486CEB800E47090 /* PolynomialEvolution */ = {
			isa = PBXNativeTarget;
			buildConfigurationList = C01FCF4A08A954540054247B /* Build configuration list for PBXNativeTarget "PolynomialEvolution" */;
			buildPhases = (
				8D1107290486CEB800E47090 /* Resources */,
				8D11072C0486CEB800E47090 /* Sources */,
				8D11072E0486CEB800E47090 /* Frameworks */,
			);
			buildRules = (
			);
			dependencies = (
			);
			name = PolynomialEvolution;
			productInstallPath = "$(HOME)/Applications";
			productName = PolynomialEvolution;
			productReference = 8D1107320486CEB800E47090 /* PolynomialEvolution.app */;
			productType = "com.apple.product-type.application";
		};
/* End PBXNativeTarget section */

/* Begin PBXProject section */
		29B97313FDCFA39411CA2CEA /* Project object */ = {
			isa = PBXProject;
			attributes = {
			};
			buildConfigurationList = C01FCF4E08A954540054247B /* Build configuration list for PBXProject "PolynomialEvolution" */;
			compatibilityVersion = "Xcode 3.2";
			developmentRegion = English;
			hasScannedForEncodings = 1;
			knownRegions = (
				English,
				Japanese,
				French,
				German,
			);
			mainGroup = 29B97314FDCFA39411CA2CEA /* PolynomialEvolution */;
			projectDirPath = "";
			projectRoot = "";
			targets = (
				8D1107260486CEB800E47090 /* PolynomialEvolution */,
			);
		};
/* End PBXProject section */

/* Begin PBXResourcesBuildPhase section */
		8D1107290486CEB800E47090 /* Resources */ = {
			isa = PBXResourcesBuildPhase;
			buildActionMask = 2147483647;
			files = (
				B05FA7332B83422A88DD4D3A /* CinderApp.icns in Resources */,
			);
			runOnlyForDeploymentPostprocessing = 0;
		};
/* End PBXResourcesBuildPhase section */

/* Begin PBXSourcesBuildPhase section */
		8D11072C0486CEB800E47090 /* Sources */ = {
			isa = PBXSourcesBuildPhase;
			buildActionMask = 2147483647;
			files = (
				324A5DB9182839080052472E /* GuiBase.cpp in Sources */,
				324A5DBC182839080052472E /* GuiRect.cpp in Sources */,
				324A5DBA182839080052472E /* GuiPlot.cpp in Sources */,
				324A5DBE182839080052472E /* GuiTypography.cpp in Sources */,
				324A5DB6182839080052472E /* PolynomialAssertion.cpp in Sources */,
				324A5DBD182839080052472E /* GuiText.cpp in Sources */,
				986282105D2E43B29DB9C21C /* PolynomialEvolutionApp.cpp in Sources */,
				324A5DB7182839080052472E /* PolynomialData.cpp in Sources */,
				324A5DB8182839080052472E /* PolynomialPopulation.cpp in Sources */,
				324A5DBB182839080052472E /* GuiPlotData.cpp in Sources */,
			);
			runOnlyForDeploymentPostprocessing = 0;
		};
/* End PBXSourcesBuildPhase section */

/* Begin XCBuildConfiguration section */
		C01FCF4B08A954540054247B /* Debug */ = {
			isa = XCBuildConfiguration;
			buildSettings = {
				COMBINE_HIDPI_IMAGES = YES;
				COPY_PHASE_STRIP = NO;
				DEAD_CODE_STRIPPING = YES;
				GCC_DYNAMIC_NO_PIC = NO;
				GCC_INLINES_ARE_PRIVATE_EXTERN = YES;
				GCC_OPTIMIZATION_LEVEL = 0;
				GCC_PRECOMPILE_PREFIX_HEADER = YES;
				GCC_PREFIX_HEADER = PolynomialEvolution_Prefix.pch;
				GCC_PREPROCESSOR_DEFINITIONS = (
					"DEBUG=1",
					"$(inherited)",
				);
				GCC_SYMBOLS_PRIVATE_EXTERN = NO;
				INFOPLIST_FILE = Info.plist;
				INSTALL_PATH = "$(HOME)/Applications";
				OTHER_LDFLAGS = "\"$(CINDER_PATH)/lib/libcinder_d.a\"";
				PRODUCT_NAME = PolynomialEvolution;
				SYMROOT = ./build;
				WRAPPER_EXTENSION = app;
			};
			name = Debug;
		};
		C01FCF4C08A954540054247B /* Release */ = {
			isa = XCBuildConfiguration;
			buildSettings = {
				COMBINE_HIDPI_IMAGES = YES;
				DEAD_CODE_STRIPPING = YES;
				DEBUG_INFORMATION_FORMAT = "dwarf-with-dsym";
				GCC_FAST_MATH = YES;
				GCC_GENERATE_DEBUGGING_SYMBOLS = NO;
				GCC_INLINES_ARE_PRIVATE_EXTERN = YES;
				GCC_OPTIMIZATION_LEVEL = 3;
				GCC_PRECOMPILE_PREFIX_HEADER = YES;
				GCC_PREFIX_HEADER = PolynomialEvolution_Prefix.pch;
				GCC_SYMBOLS_PRIVATE_EXTERN = NO;
				INFOPLIST_FILE = Info.plist;
				INSTALL_PATH = "$(HOME)/Applications";
				OTHER_LDFLAGS = "\"$(CINDER_PATH)/lib/libcinder.a\"";
				PRODUCT_NAME = PolynomialEvolution;
				STRIP_INSTALLED_PRODUCT = YES;
				SYMROOT = ./build;
				WRAPPER_EXTENSION = app;
			};
			name = Release;
		};
		C01FCF4F08A954540054247B /* Debug */ = {
			isa = XCBuildConfiguration;
			buildSettings = {
				ALWAYS_SEARCH_USER_PATHS = NO;
				ARCHS = i386;
				CINDER_PATH = ../../../../submodules/cinder_master;
				CLANG_CXX_LANGUAGE_STANDARD = "c++0x";
				CLANG_CXX_LIBRARY = "libc++";
				GCC_WARN_ABOUT_RETURN_TYPE = YES;
				GCC_WARN_UNUSED_VARIABLE = YES;
				HEADER_SEARCH_PATHS = "\"$(CINDER_PATH)/boost\"";
				MACOSX_DEPLOYMENT_TARGET = 10.7;
				SDKROOT = macosx;
				USER_HEADER_SEARCH_PATHS = "\"$(CINDER_PATH)/include\" ../include";
			};
			name = Debug;
		};
		C01FCF5008A954540054247B /* Release */ = {
			isa = XCBuildConfiguration;
			buildSettings = {
				ALWAYS_SEARCH_USER_PATHS = NO;
				ARCHS = i386;
				CINDER_PATH = ../../../../submodules/cinder_master;
				CLANG_CXX_LANGUAGE_STANDARD = "c++0x";
				CLANG_CXX_LIBRARY = "libc++";
				GCC_WARN_ABOUT_RETURN_TYPE = YES;
				GCC_WARN_UNUSED_VARIABLE = YES;
				HEADER_SEARCH_PATHS = "\"$(CINDER_PATH)/boost\"";
				MACOSX_DEPLOYMENT_TARGET = 10.7;
				SDKROOT = macosx;
				USER_HEADER_SEARCH_PATHS = "\"$(CINDER_PATH)/include\" ../include";
			};
			name = Release;
		};
/* End XCBuildConfiguration section */

/* Begin XCConfigurationList section */
		C01FCF4A08A954540054247B /* Build configuration list for PBXNativeTarget "PolynomialEvolution" */ = {
			isa = XCConfigurationList;
			buildConfigurations = (
				C01FCF4B08A954540054247B /* Debug */,
				C01FCF4C08A954540054247B /* Release */,
			);
			defaultConfigurationIsVisible = 0;
			defaultConfigurationName = Release;
		};
		C01FCF4E08A954540054247B /* Build configuration list for PBXProject "PolynomialEvolution" */ = {
			isa = XCConfigurationList;
			buildConfigurations = (
				C01FCF4F08A954540054247B /* Debug */,
				C01FCF5008A954540054247B /* Release */,
			);
			defaultConfigurationIsVisible = 0;
			defaultConfigurationName = Release;
		};
/* End XCConfigurationList section */
	};
	rootObject = 29B97313FDCFA39411CA2CEA /* Project object */;
}
